// !$*UTF8*$!
{
	archiveVersion = 1;
	classes = {
	};
	objectVersion = 56;
	objects = {

/* Begin PBXBuildFile section */
		BB23F1992CECAC630024CDEF /* CatsApp.swift in Sources */ = {isa = PBXBuildFile; fileRef = BB23F1982CECAC630024CDEF /* CatsApp.swift */; };
		BB23F19B2CECAC630024CDEF /* ContentView.swift in Sources */ = {isa = PBXBuildFile; fileRef = BB23F19A2CECAC630024CDEF /* ContentView.swift */; };
		BB23F19D2CECAC650024CDEF /* Assets.xcassets in Resources */ = {isa = PBXBuildFile; fileRef = BB23F19C2CECAC650024CDEF /* Assets.xcassets */; };
		BB23F1A02CECAC650024CDEF /* Preview Assets.xcassets in Resources */ = {isa = PBXBuildFile; fileRef = BB23F19F2CECAC650024CDEF /* Preview Assets.xcassets */; };
		BB23F1A22CECAC650024CDEF /* Persistence.swift in Sources */ = {isa = PBXBuildFile; fileRef = BB23F1A12CECAC650024CDEF /* Persistence.swift */; };
		BB23F1A52CECAC650024CDEF /* Cats.xcdatamodeld in Sources */ = {isa = PBXBuildFile; fileRef = BB23F1A32CECAC650024CDEF /* Cats.xcdatamodeld */; };
		BB23F1AF2CECAC650024CDEF /* CatsTests.swift in Sources */ = {isa = PBXBuildFile; fileRef = BB23F1AE2CECAC650024CDEF /* CatsTests.swift */; };
		BB23F1B92CECAC650024CDEF /* CatsUITests.swift in Sources */ = {isa = PBXBuildFile; fileRef = BB23F1B82CECAC650024CDEF /* CatsUITests.swift */; };
		BB23F1BB2CECAC650024CDEF /* CatsUITestsLaunchTests.swift in Sources */ = {isa = PBXBuildFile; fileRef = BB23F1BA2CECAC650024CDEF /* CatsUITestsLaunchTests.swift */; };
		BB23F1C92CECACBB0024CDEF /* NetworkService.swift in Sources */ = {isa = PBXBuildFile; fileRef = BB23F1C82CECACBB0024CDEF /* NetworkService.swift */; };
		BB23F1CB2CECACF00024CDEF /* CatService.swift in Sources */ = {isa = PBXBuildFile; fileRef = BB23F1CA2CECACF00024CDEF /* CatService.swift */; };
		BB23F1D02CECAEAD0024CDEF /* Router.swift in Sources */ = {isa = PBXBuildFile; fileRef = BB23F1CF2CECAEAD0024CDEF /* Router.swift */; };
		BB23F1D42CECB0EA0024CDEF /* CatImage.swift in Sources */ = {isa = PBXBuildFile; fileRef = BB23F1D32CECB0EA0024CDEF /* CatImage.swift */; };
		BB23F1D62CECB11C0024CDEF /* CatBreed.swift in Sources */ = {isa = PBXBuildFile; fileRef = BB23F1D52CECB11C0024CDEF /* CatBreed.swift */; };
		BB23F1D82CECBA860024CDEF /* DefaultResponse.swift in Sources */ = {isa = PBXBuildFile; fileRef = BB23F1D72CECBA860024CDEF /* DefaultResponse.swift */; };
		BB23F1E22CECBCBE0024CDEF /* NetworkError.swift in Sources */ = {isa = PBXBuildFile; fileRef = BB23F1DA2CECBBF10024CDEF /* NetworkError.swift */; };
		BB23F1E52CECBD4A0024CDEF /* CatManager.swift in Sources */ = {isa = PBXBuildFile; fileRef = BB23F1E42CECBD4A0024CDEF /* CatManager.swift */; };
		BB23F1E82CECBE660024CDEF /* NetworkTests.swift in Sources */ = {isa = PBXBuildFile; fileRef = BB23F1E72CECBE660024CDEF /* NetworkTests.swift */; };
		BB23F1EB2CECBEB00024CDEF /* MockUrlSession.swift in Sources */ = {isa = PBXBuildFile; fileRef = BB23F1EA2CECBEB00024CDEF /* MockUrlSession.swift */; };
		BB23F1ED2CECBEBA0024CDEF /* MockNetworkService.swift in Sources */ = {isa = PBXBuildFile; fileRef = BB23F1EC2CECBEBA0024CDEF /* MockNetworkService.swift */; };
		BB23F1F42CECBF0A0024CDEF /* CatBreed.swift in Sources */ = {isa = PBXBuildFile; fileRef = BB23F1D52CECB11C0024CDEF /* CatBreed.swift */; };
		BB23F1F52CECBF0A0024CDEF /* CatImage.swift in Sources */ = {isa = PBXBuildFile; fileRef = BB23F1D32CECB0EA0024CDEF /* CatImage.swift */; };
		BB23F1F62CECBF0A0024CDEF /* NetworkError.swift in Sources */ = {isa = PBXBuildFile; fileRef = BB23F1DA2CECBBF10024CDEF /* NetworkError.swift */; };
		BB23F1F72CECBF0A0024CDEF /* CatService.swift in Sources */ = {isa = PBXBuildFile; fileRef = BB23F1CA2CECACF00024CDEF /* CatService.swift */; };
		BB23F1F82CECBF0A0024CDEF /* Router.swift in Sources */ = {isa = PBXBuildFile; fileRef = BB23F1CF2CECAEAD0024CDEF /* Router.swift */; };
		BB23F1F92CECBF0A0024CDEF /* DefaultResponse.swift in Sources */ = {isa = PBXBuildFile; fileRef = BB23F1D72CECBA860024CDEF /* DefaultResponse.swift */; };
		BB23F1FA2CECBF0A0024CDEF /* NetworkService.swift in Sources */ = {isa = PBXBuildFile; fileRef = BB23F1C82CECACBB0024CDEF /* NetworkService.swift */; };
		BB23F1FC2CECD9840024CDEF /* ManagerTests.swift in Sources */ = {isa = PBXBuildFile; fileRef = BB23F1FB2CECD9840024CDEF /* ManagerTests.swift */; };
		BB23F1FD2CECD9A80024CDEF /* CatManager.swift in Sources */ = {isa = PBXBuildFile; fileRef = BB23F1E42CECBD4A0024CDEF /* CatManager.swift */; };
		BB23F2002CECF4940024CDEF /* CatViewModel.swift in Sources */ = {isa = PBXBuildFile; fileRef = BB23F1FF2CECF4940024CDEF /* CatViewModel.swift */; };
		BB23F2022CECFC9A0024CDEF /* TabbarButton.swift in Sources */ = {isa = PBXBuildFile; fileRef = BB23F2012CECFC9A0024CDEF /* TabbarButton.swift */; };
		BBA93FD42CEDFA3400008FF9 /* MockNetworkService.swift in Sources */ = {isa = PBXBuildFile; fileRef = BB23F1EC2CECBEBA0024CDEF /* MockNetworkService.swift */; };
/* End PBXBuildFile section */

/* Begin PBXContainerItemProxy section */
		BB23F1AB2CECAC650024CDEF /* PBXContainerItemProxy */ = {
			isa = PBXContainerItemProxy;
			containerPortal = BB23F18D2CECAC630024CDEF /* Project object */;
			proxyType = 1;
			remoteGlobalIDString = BB23F1942CECAC630024CDEF;
			remoteInfo = Cats;
		};
		BB23F1B52CECAC650024CDEF /* PBXContainerItemProxy */ = {
			isa = PBXContainerItemProxy;
			containerPortal = BB23F18D2CECAC630024CDEF /* Project object */;
			proxyType = 1;
			remoteGlobalIDString = BB23F1942CECAC630024CDEF;
			remoteInfo = Cats;
		};
/* End PBXContainerItemProxy section */

/* Begin PBXFileReference section */
		BB23F1952CECAC630024CDEF /* Cats.app */ = {isa = PBXFileReference; explicitFileType = wrapper.application; includeInIndex = 0; path = Cats.app; sourceTree = BUILT_PRODUCTS_DIR; };
		BB23F1982CECAC630024CDEF /* CatsApp.swift */ = {isa = PBXFileReference; lastKnownFileType = sourcecode.swift; path = CatsApp.swift; sourceTree = "<group>"; };
		BB23F19A2CECAC630024CDEF /* ContentView.swift */ = {isa = PBXFileReference; lastKnownFileType = sourcecode.swift; path = ContentView.swift; sourceTree = "<group>"; };
		BB23F19C2CECAC650024CDEF /* Assets.xcassets */ = {isa = PBXFileReference; lastKnownFileType = folder.assetcatalog; path = Assets.xcassets; sourceTree = "<group>"; };
		BB23F19F2CECAC650024CDEF /* Preview Assets.xcassets */ = {isa = PBXFileReference; lastKnownFileType = folder.assetcatalog; path = "Preview Assets.xcassets"; sourceTree = "<group>"; };
		BB23F1A12CECAC650024CDEF /* Persistence.swift */ = {isa = PBXFileReference; lastKnownFileType = sourcecode.swift; path = Persistence.swift; sourceTree = "<group>"; };
		BB23F1A42CECAC650024CDEF /* Cats.xcdatamodel */ = {isa = PBXFileReference; lastKnownFileType = wrapper.xcdatamodel; path = Cats.xcdatamodel; sourceTree = "<group>"; };
		BB23F1AA2CECAC650024CDEF /* CatsTests.xctest */ = {isa = PBXFileReference; explicitFileType = wrapper.cfbundle; includeInIndex = 0; path = CatsTests.xctest; sourceTree = BUILT_PRODUCTS_DIR; };
		BB23F1AE2CECAC650024CDEF /* CatsTests.swift */ = {isa = PBXFileReference; lastKnownFileType = sourcecode.swift; path = CatsTests.swift; sourceTree = "<group>"; };
		BB23F1B42CECAC650024CDEF /* CatsUITests.xctest */ = {isa = PBXFileReference; explicitFileType = wrapper.cfbundle; includeInIndex = 0; path = CatsUITests.xctest; sourceTree = BUILT_PRODUCTS_DIR; };
		BB23F1B82CECAC650024CDEF /* CatsUITests.swift */ = {isa = PBXFileReference; lastKnownFileType = sourcecode.swift; path = CatsUITests.swift; sourceTree = "<group>"; };
		BB23F1BA2CECAC650024CDEF /* CatsUITestsLaunchTests.swift */ = {isa = PBXFileReference; lastKnownFileType = sourcecode.swift; path = CatsUITestsLaunchTests.swift; sourceTree = "<group>"; };
		BB23F1C82CECACBB0024CDEF /* NetworkService.swift */ = {isa = PBXFileReference; lastKnownFileType = sourcecode.swift; path = NetworkService.swift; sourceTree = "<group>"; };
		BB23F1CA2CECACF00024CDEF /* CatService.swift */ = {isa = PBXFileReference; lastKnownFileType = sourcecode.swift; path = CatService.swift; sourceTree = "<group>"; };
		BB23F1CF2CECAEAD0024CDEF /* Router.swift */ = {isa = PBXFileReference; lastKnownFileType = sourcecode.swift; path = Router.swift; sourceTree = "<group>"; };
		BB23F1D32CECB0EA0024CDEF /* CatImage.swift */ = {isa = PBXFileReference; lastKnownFileType = sourcecode.swift; path = CatImage.swift; sourceTree = "<group>"; };
		BB23F1D52CECB11C0024CDEF /* CatBreed.swift */ = {isa = PBXFileReference; lastKnownFileType = sourcecode.swift; path = CatBreed.swift; sourceTree = "<group>"; };
		BB23F1D72CECBA860024CDEF /* DefaultResponse.swift */ = {isa = PBXFileReference; lastKnownFileType = sourcecode.swift; path = DefaultResponse.swift; sourceTree = "<group>"; };
		BB23F1DA2CECBBF10024CDEF /* NetworkError.swift */ = {isa = PBXFileReference; lastKnownFileType = sourcecode.swift; path = NetworkError.swift; sourceTree = "<group>"; };
		BB23F1E42CECBD4A0024CDEF /* CatManager.swift */ = {isa = PBXFileReference; lastKnownFileType = sourcecode.swift; path = CatManager.swift; sourceTree = "<group>"; };
		BB23F1E72CECBE660024CDEF /* NetworkTests.swift */ = {isa = PBXFileReference; lastKnownFileType = sourcecode.swift; path = NetworkTests.swift; sourceTree = "<group>"; };
		BB23F1EA2CECBEB00024CDEF /* MockUrlSession.swift */ = {isa = PBXFileReference; lastKnownFileType = sourcecode.swift; path = MockUrlSession.swift; sourceTree = "<group>"; };
		BB23F1EC2CECBEBA0024CDEF /* MockNetworkService.swift */ = {isa = PBXFileReference; lastKnownFileType = sourcecode.swift; path = MockNetworkService.swift; sourceTree = "<group>"; };
		BB23F1FB2CECD9840024CDEF /* ManagerTests.swift */ = {isa = PBXFileReference; lastKnownFileType = sourcecode.swift; path = ManagerTests.swift; sourceTree = "<group>"; };
		BB23F1FF2CECF4940024CDEF /* CatViewModel.swift */ = {isa = PBXFileReference; lastKnownFileType = sourcecode.swift; path = CatViewModel.swift; sourceTree = "<group>"; };
		BB23F2012CECFC9A0024CDEF /* TabbarButton.swift */ = {isa = PBXFileReference; lastKnownFileType = sourcecode.swift; path = TabbarButton.swift; sourceTree = "<group>"; };
/* End PBXFileReference section */

/* Begin PBXFrameworksBuildPhase section */
		BB23F1922CECAC630024CDEF /* Frameworks */ = {
			isa = PBXFrameworksBuildPhase;
			buildActionMask = 2147483647;
			files = (
			);
			runOnlyForDeploymentPostprocessing = 0;
		};
		BB23F1A72CECAC650024CDEF /* Frameworks */ = {
			isa = PBXFrameworksBuildPhase;
			buildActionMask = 2147483647;
			files = (
			);
			runOnlyForDeploymentPostprocessing = 0;
		};
		BB23F1B12CECAC650024CDEF /* Frameworks */ = {
			isa = PBXFrameworksBuildPhase;
			buildActionMask = 2147483647;
			files = (
			);
			runOnlyForDeploymentPostprocessing = 0;
		};
/* End PBXFrameworksBuildPhase section */

/* Begin PBXGroup section */
		BB23F18C2CECAC630024CDEF = {
			isa = PBXGroup;
			children = (
				BB23F1972CECAC630024CDEF /* Cats */,
				BB23F1AD2CECAC650024CDEF /* CatsTests */,
				BB23F1B72CECAC650024CDEF /* CatsUITests */,
				BB23F1962CECAC630024CDEF /* Products */,
			);
			sourceTree = "<group>";
		};
		BB23F1962CECAC630024CDEF /* Products */ = {
			isa = PBXGroup;
			children = (
				BB23F1952CECAC630024CDEF /* Cats.app */,
				BB23F1AA2CECAC650024CDEF /* CatsTests.xctest */,
				BB23F1B42CECAC650024CDEF /* CatsUITests.xctest */,
			);
			name = Products;
			sourceTree = "<group>";
		};
		BB23F1972CECAC630024CDEF /* Cats */ = {
			isa = PBXGroup;
			children = (
				BB23F1982CECAC630024CDEF /* CatsApp.swift */,
				BB23F1FE2CECF4880024CDEF /* View */,
				BB23F1E62CECBD4D0024CDEF /* Manager */,
				BB23F1C72CECACAE0024CDEF /* Domain */,
				BB23F19C2CECAC650024CDEF /* Assets.xcassets */,
				BB23F19E2CECAC650024CDEF /* Preview Content */,
			);
			path = Cats;
			sourceTree = "<group>";
		};
		BB23F19E2CECAC650024CDEF /* Preview Content */ = {
			isa = PBXGroup;
			children = (
				BB23F19F2CECAC650024CDEF /* Preview Assets.xcassets */,
			);
			path = "Preview Content";
			sourceTree = "<group>";
		};
		BB23F1AD2CECAC650024CDEF /* CatsTests */ = {
			isa = PBXGroup;
			children = (
				BB23F1AE2CECAC650024CDEF /* CatsTests.swift */,
				BB23F1E72CECBE660024CDEF /* NetworkTests.swift */,
				BB23F1FB2CECD9840024CDEF /* ManagerTests.swift */,
				BB23F1E92CECBE8F0024CDEF /* TestsUtils */,
			);
			path = CatsTests;
			sourceTree = "<group>";
		};
		BB23F1B72CECAC650024CDEF /* CatsUITests */ = {
			isa = PBXGroup;
			children = (
				BB23F1B82CECAC650024CDEF /* CatsUITests.swift */,
				BB23F1BA2CECAC650024CDEF /* CatsUITestsLaunchTests.swift */,
			);
			path = CatsUITests;
			sourceTree = "<group>";
		};
		BB23F1C72CECACAE0024CDEF /* Domain */ = {
			isa = PBXGroup;
			children = (
				BB23F1E12CECBC350024CDEF /* DB */,
				BB23F1D92CECBBDC0024CDEF /* Network */,
			);
			path = Domain;
			sourceTree = "<group>";
		};
		BB23F1CC2CECAD510024CDEF /* Entities */ = {
			isa = PBXGroup;
			children = (
				BB23F1D72CECBA860024CDEF /* DefaultResponse.swift */,
				BB23F1D32CECB0EA0024CDEF /* CatImage.swift */,
				BB23F1D52CECB11C0024CDEF /* CatBreed.swift */,
			);
			path = Entities;
			sourceTree = "<group>";
		};
		BB23F1D92CECBBDC0024CDEF /* Network */ = {
			isa = PBXGroup;
			children = (
				BB23F1CC2CECAD510024CDEF /* Entities */,
				BB23F1C82CECACBB0024CDEF /* NetworkService.swift */,
				BB23F1CA2CECACF00024CDEF /* CatService.swift */,
				BB23F1CF2CECAEAD0024CDEF /* Router.swift */,
				BB23F1DA2CECBBF10024CDEF /* NetworkError.swift */,
			);
			path = Network;
			sourceTree = "<group>";
		};
		BB23F1E12CECBC350024CDEF /* DB */ = {
			isa = PBXGroup;
			children = (
				BB23F1A12CECAC650024CDEF /* Persistence.swift */,
				BB23F1A32CECAC650024CDEF /* Cats.xcdatamodeld */,
			);
			path = DB;
			sourceTree = "<group>";
		};
		BB23F1E62CECBD4D0024CDEF /* Manager */ = {
			isa = PBXGroup;
			children = (
				BB23F1E42CECBD4A0024CDEF /* CatManager.swift */,
			);
			path = Manager;
			sourceTree = "<group>";
		};
		BB23F1E92CECBE8F0024CDEF /* TestsUtils */ = {
			isa = PBXGroup;
			children = (
				BB23F1EA2CECBEB00024CDEF /* MockUrlSession.swift */,
				BB23F1EC2CECBEBA0024CDEF /* MockNetworkService.swift */,
			);
			path = TestsUtils;
			sourceTree = "<group>";
		};
		BB23F1FE2CECF4880024CDEF /* View */ = {
			isa = PBXGroup;
			children = (
				BB23F19A2CECAC630024CDEF /* ContentView.swift */,
				BB23F2012CECFC9A0024CDEF /* TabbarButton.swift */,
				BB23F1FF2CECF4940024CDEF /* CatViewModel.swift */,
			);
			path = View;
			sourceTree = "<group>";
		};
/* End PBXGroup section */

/* Begin PBXNativeTarget section */
		BB23F1942CECAC630024CDEF /* Cats */ = {
			isa = PBXNativeTarget;
			buildConfigurationList = BB23F1BE2CECAC650024CDEF /* Build configuration list for PBXNativeTarget "Cats" */;
			buildPhases = (
				BB23F1912CECAC630024CDEF /* Sources */,
				BB23F1922CECAC630024CDEF /* Frameworks */,
				BB23F1932CECAC630024CDEF /* Resources */,
			);
			buildRules = (
			);
			dependencies = (
			);
			name = Cats;
			productName = Cats;
			productReference = BB23F1952CECAC630024CDEF /* Cats.app */;
			productType = "com.apple.product-type.application";
		};
		BB23F1A92CECAC650024CDEF /* CatsTests */ = {
			isa = PBXNativeTarget;
			buildConfigurationList = BB23F1C12CECAC650024CDEF /* Build configuration list for PBXNativeTarget "CatsTests" */;
			buildPhases = (
				BB23F1A62CECAC650024CDEF /* Sources */,
				BB23F1A72CECAC650024CDEF /* Frameworks */,
				BB23F1A82CECAC650024CDEF /* Resources */,
			);
			buildRules = (
			);
			dependencies = (
				BB23F1AC2CECAC650024CDEF /* PBXTargetDependency */,
			);
			name = CatsTests;
			productName = CatsTests;
			productReference = BB23F1AA2CECAC650024CDEF /* CatsTests.xctest */;
			productType = "com.apple.product-type.bundle.unit-test";
		};
		BB23F1B32CECAC650024CDEF /* CatsUITests */ = {
			isa = PBXNativeTarget;
			buildConfigurationList = BB23F1C42CECAC650024CDEF /* Build configuration list for PBXNativeTarget "CatsUITests" */;
			buildPhases = (
				BB23F1B02CECAC650024CDEF /* Sources */,
				BB23F1B12CECAC650024CDEF /* Frameworks */,
				BB23F1B22CECAC650024CDEF /* Resources */,
			);
			buildRules = (
			);
			dependencies = (
				BB23F1B62CECAC650024CDEF /* PBXTargetDependency */,
			);
			name = CatsUITests;
			productName = CatsUITests;
			productReference = BB23F1B42CECAC650024CDEF /* CatsUITests.xctest */;
			productType = "com.apple.product-type.bundle.ui-testing";
		};
/* End PBXNativeTarget section */

/* Begin PBXProject section */
		BB23F18D2CECAC630024CDEF /* Project object */ = {
			isa = PBXProject;
			attributes = {
				BuildIndependentTargetsInParallel = 1;
				LastSwiftUpdateCheck = 1540;
				LastUpgradeCheck = 1540;
				TargetAttributes = {
					BB23F1942CECAC630024CDEF = {
						CreatedOnToolsVersion = 15.4;
					};
					BB23F1A92CECAC650024CDEF = {
						CreatedOnToolsVersion = 15.4;
						TestTargetID = BB23F1942CECAC630024CDEF;
					};
					BB23F1B32CECAC650024CDEF = {
						CreatedOnToolsVersion = 15.4;
						TestTargetID = BB23F1942CECAC630024CDEF;
					};
				};
			};
			buildConfigurationList = BB23F1902CECAC630024CDEF /* Build configuration list for PBXProject "Cats" */;
			compatibilityVersion = "Xcode 14.0";
			developmentRegion = en;
			hasScannedForEncodings = 0;
			knownRegions = (
				en,
				Base,
			);
			mainGroup = BB23F18C2CECAC630024CDEF;
			productRefGroup = BB23F1962CECAC630024CDEF /* Products */;
			projectDirPath = "";
			projectRoot = "";
			targets = (
				BB23F1942CECAC630024CDEF /* Cats */,
				BB23F1A92CECAC650024CDEF /* CatsTests */,
				BB23F1B32CECAC650024CDEF /* CatsUITests */,
			);
		};
/* End PBXProject section */

/* Begin PBXResourcesBuildPhase section */
		BB23F1932CECAC630024CDEF /* Resources */ = {
			isa = PBXResourcesBuildPhase;
			buildActionMask = 2147483647;
			files = (
				BB23F1A02CECAC650024CDEF /* Preview Assets.xcassets in Resources */,
				BB23F19D2CECAC650024CDEF /* Assets.xcassets in Resources */,
			);
			runOnlyForDeploymentPostprocessing = 0;
		};
		BB23F1A82CECAC650024CDEF /* Resources */ = {
			isa = PBXResourcesBuildPhase;
			buildActionMask = 2147483647;
			files = (
			);
			runOnlyForDeploymentPostprocessing = 0;
		};
		BB23F1B22CECAC650024CDEF /* Resources */ = {
			isa = PBXResourcesBuildPhase;
			buildActionMask = 2147483647;
			files = (
			);
			runOnlyForDeploymentPostprocessing = 0;
		};
/* End PBXResourcesBuildPhase section */

/* Begin PBXSourcesBuildPhase section */
		BB23F1912CECAC630024CDEF /* Sources */ = {
			isa = PBXSourcesBuildPhase;
			buildActionMask = 2147483647;
			files = (
				BB23F1D02CECAEAD0024CDEF /* Router.swift in Sources */,
				BB23F1D62CECB11C0024CDEF /* CatBreed.swift in Sources */,
				BB23F1E52CECBD4A0024CDEF /* CatManager.swift in Sources */,
				BB23F1CB2CECACF00024CDEF /* CatService.swift in Sources */,
				BB23F1C92CECACBB0024CDEF /* NetworkService.swift in Sources */,
				BB23F2022CECFC9A0024CDEF /* TabbarButton.swift in Sources */,
				BB23F1A52CECAC650024CDEF /* Cats.xcdatamodeld in Sources */,
				BB23F1D42CECB0EA0024CDEF /* CatImage.swift in Sources */,
				BB23F1A22CECAC650024CDEF /* Persistence.swift in Sources */,
				BB23F2002CECF4940024CDEF /* CatViewModel.swift in Sources */,
				BB23F1D82CECBA860024CDEF /* DefaultResponse.swift in Sources */,
				BB23F19B2CECAC630024CDEF /* ContentView.swift in Sources */,
				BBA93FD42CEDFA3400008FF9 /* MockNetworkService.swift in Sources */,
				BB23F1E22CECBCBE0024CDEF /* NetworkError.swift in Sources */,
				BB23F1992CECAC630024CDEF /* CatsApp.swift in Sources */,
			);
			runOnlyForDeploymentPostprocessing = 0;
		};
		BB23F1A62CECAC650024CDEF /* Sources */ = {
			isa = PBXSourcesBuildPhase;
			buildActionMask = 2147483647;
			files = (
				BB23F1EB2CECBEB00024CDEF /* MockUrlSession.swift in Sources */,
				BB23F1AF2CECAC650024CDEF /* CatsTests.swift in Sources */,
				BB23F1ED2CECBEBA0024CDEF /* MockNetworkService.swift in Sources */,
				BB23F1E82CECBE660024CDEF /* NetworkTests.swift in Sources */,
				BB23F1F42CECBF0A0024CDEF /* CatBreed.swift in Sources */,
				BB23F1F52CECBF0A0024CDEF /* CatImage.swift in Sources */,
				BB23F1FD2CECD9A80024CDEF /* CatManager.swift in Sources */,
				BB23F1F62CECBF0A0024CDEF /* NetworkError.swift in Sources */,
				BB23F1F72CECBF0A0024CDEF /* CatService.swift in Sources */,
				BB23F1F82CECBF0A0024CDEF /* Router.swift in Sources */,
				BB23F1F92CECBF0A0024CDEF /* DefaultResponse.swift in Sources */,
				BB23F1FA2CECBF0A0024CDEF /* NetworkService.swift in Sources */,
				BB23F1FC2CECD9840024CDEF /* ManagerTests.swift in Sources */,
			);
			runOnlyForDeploymentPostprocessing = 0;
		};
		BB23F1B02CECAC650024CDEF /* Sources */ = {
			isa = PBXSourcesBuildPhase;
			buildActionMask = 2147483647;
			files = (
				BB23F1B92CECAC650024CDEF /* CatsUITests.swift in Sources */,
				BB23F1BB2CECAC650024CDEF /* CatsUITestsLaunchTests.swift in Sources */,
			);
			runOnlyForDeploymentPostprocessing = 0;
		};
/* End PBXSourcesBuildPhase section */

/* Begin PBXTargetDependency section */
		BB23F1AC2CECAC650024CDEF /* PBXTargetDependency */ = {
			isa = PBXTargetDependency;
			target = BB23F1942CECAC630024CDEF /* Cats */;
			targetProxy = BB23F1AB2CECAC650024CDEF /* PBXContainerItemProxy */;
		};
		BB23F1B62CECAC650024CDEF /* PBXTargetDependency */ = {
			isa = PBXTargetDependency;
			target = BB23F1942CECAC630024CDEF /* Cats */;
			targetProxy = BB23F1B52CECAC650024CDEF /* PBXContainerItemProxy */;
		};
/* End PBXTargetDependency section */

/* Begin XCBuildConfiguration section */
		BB23F1BC2CECAC650024CDEF /* Debug */ = {
			isa = XCBuildConfiguration;
			buildSettings = {
				ALWAYS_SEARCH_USER_PATHS = NO;
				ASSETCATALOG_COMPILER_GENERATE_SWIFT_ASSET_SYMBOL_EXTENSIONS = YES;
				CLANG_ANALYZER_NONNULL = YES;
				CLANG_ANALYZER_NUMBER_OBJECT_CONVERSION = YES_AGGRESSIVE;
				CLANG_CXX_LANGUAGE_STANDARD = "gnu++20";
				CLANG_ENABLE_MODULES = YES;
				CLANG_ENABLE_OBJC_ARC = YES;
				CLANG_ENABLE_OBJC_WEAK = YES;
				CLANG_WARN_BLOCK_CAPTURE_AUTORELEASING = YES;
				CLANG_WARN_BOOL_CONVERSION = YES;
				CLANG_WARN_COMMA = YES;
				CLANG_WARN_CONSTANT_CONVERSION = YES;
				CLANG_WARN_DEPRECATED_OBJC_IMPLEMENTATIONS = YES;
				CLANG_WARN_DIRECT_OBJC_ISA_USAGE = YES_ERROR;
				CLANG_WARN_DOCUMENTATION_COMMENTS = YES;
				CLANG_WARN_EMPTY_BODY = YES;
				CLANG_WARN_ENUM_CONVERSION = YES;
				CLANG_WARN_INFINITE_RECURSION = YES;
				CLANG_WARN_INT_CONVERSION = YES;
				CLANG_WARN_NON_LITERAL_NULL_CONVERSION = YES;
				CLANG_WARN_OBJC_IMPLICIT_RETAIN_SELF = YES;
				CLANG_WARN_OBJC_LITERAL_CONVERSION = YES;
				CLANG_WARN_OBJC_ROOT_CLASS = YES_ERROR;
				CLANG_WARN_QUOTED_INCLUDE_IN_FRAMEWORK_HEADER = YES;
				CLANG_WARN_RANGE_LOOP_ANALYSIS = YES;
				CLANG_WARN_STRICT_PROTOTYPES = YES;
				CLANG_WARN_SUSPICIOUS_MOVE = YES;
				CLANG_WARN_UNGUARDED_AVAILABILITY = YES_AGGRESSIVE;
				CLANG_WARN_UNREACHABLE_CODE = YES;
				CLANG_WARN__DUPLICATE_METHOD_MATCH = YES;
				COPY_PHASE_STRIP = NO;
				DEBUG_INFORMATION_FORMAT = dwarf;
				ENABLE_STRICT_OBJC_MSGSEND = YES;
				ENABLE_TESTABILITY = YES;
				ENABLE_USER_SCRIPT_SANDBOXING = YES;
				GCC_C_LANGUAGE_STANDARD = gnu17;
				GCC_DYNAMIC_NO_PIC = NO;
				GCC_NO_COMMON_BLOCKS = YES;
				GCC_OPTIMIZATION_LEVEL = 0;
				GCC_PREPROCESSOR_DEFINITIONS = (
					"DEBUG=1",
					"$(inherited)",
				);
				GCC_WARN_64_TO_32_BIT_CONVERSION = YES;
				GCC_WARN_ABOUT_RETURN_TYPE = YES_ERROR;
				GCC_WARN_UNDECLARED_SELECTOR = YES;
				GCC_WARN_UNINITIALIZED_AUTOS = YES_AGGRESSIVE;
				GCC_WARN_UNUSED_FUNCTION = YES;
				GCC_WARN_UNUSED_VARIABLE = YES;
				IPHONEOS_DEPLOYMENT_TARGET = 17.5;
				LOCALIZATION_PREFERS_STRING_CATALOGS = YES;
				MTL_ENABLE_DEBUG_INFO = INCLUDE_SOURCE;
				MTL_FAST_MATH = YES;
				ONLY_ACTIVE_ARCH = YES;
				SDKROOT = iphoneos;
				SWIFT_ACTIVE_COMPILATION_CONDITIONS = "DEBUG $(inherited)";
				SWIFT_OPTIMIZATION_LEVEL = "-Onone";
			};
			name = Debug;
		};
		BB23F1BD2CECAC650024CDEF /* Release */ = {
			isa = XCBuildConfiguration;
			buildSettings = {
				ALWAYS_SEARCH_USER_PATHS = NO;
				ASSETCATALOG_COMPILER_GENERATE_SWIFT_ASSET_SYMBOL_EXTENSIONS = YES;
				CLANG_ANALYZER_NONNULL = YES;
				CLANG_ANALYZER_NUMBER_OBJECT_CONVERSION = YES_AGGRESSIVE;
				CLANG_CXX_LANGUAGE_STANDARD = "gnu++20";
				CLANG_ENABLE_MODULES = YES;
				CLANG_ENABLE_OBJC_ARC = YES;
				CLANG_ENABLE_OBJC_WEAK = YES;
				CLANG_WARN_BLOCK_CAPTURE_AUTORELEASING = YES;
				CLANG_WARN_BOOL_CONVERSION = YES;
				CLANG_WARN_COMMA = YES;
				CLANG_WARN_CONSTANT_CONVERSION = YES;
				CLANG_WARN_DEPRECATED_OBJC_IMPLEMENTATIONS = YES;
				CLANG_WARN_DIRECT_OBJC_ISA_USAGE = YES_ERROR;
				CLANG_WARN_DOCUMENTATION_COMMENTS = YES;
				CLANG_WARN_EMPTY_BODY = YES;
				CLANG_WARN_ENUM_CONVERSION = YES;
				CLANG_WARN_INFINITE_RECURSION = YES;
				CLANG_WARN_INT_CONVERSION = YES;
				CLANG_WARN_NON_LITERAL_NULL_CONVERSION = YES;
				CLANG_WARN_OBJC_IMPLICIT_RETAIN_SELF = YES;
				CLANG_WARN_OBJC_LITERAL_CONVERSION = YES;
				CLANG_WARN_OBJC_ROOT_CLASS = YES_ERROR;
				CLANG_WARN_QUOTED_INCLUDE_IN_FRAMEWORK_HEADER = YES;
				CLANG_WARN_RANGE_LOOP_ANALYSIS = YES;
				CLANG_WARN_STRICT_PROTOTYPES = YES;
				CLANG_WARN_SUSPICIOUS_MOVE = YES;
				CLANG_WARN_UNGUARDED_AVAILABILITY = YES_AGGRESSIVE;
				CLANG_WARN_UNREACHABLE_CODE = YES;
				CLANG_WARN__DUPLICATE_METHOD_MATCH = YES;
				COPY_PHASE_STRIP = NO;
				DEBUG_INFORMATION_FORMAT = "dwarf-with-dsym";
				ENABLE_NS_ASSERTIONS = NO;
				ENABLE_STRICT_OBJC_MSGSEND = YES;
				ENABLE_USER_SCRIPT_SANDBOXING = YES;
				GCC_C_LANGUAGE_STANDARD = gnu17;
				GCC_NO_COMMON_BLOCKS = YES;
				GCC_WARN_64_TO_32_BIT_CONVERSION = YES;
				GCC_WARN_ABOUT_RETURN_TYPE = YES_ERROR;
				GCC_WARN_UNDECLARED_SELECTOR = YES;
				GCC_WARN_UNINITIALIZED_AUTOS = YES_AGGRESSIVE;
				GCC_WARN_UNUSED_FUNCTION = YES;
				GCC_WARN_UNUSED_VARIABLE = YES;
				IPHONEOS_DEPLOYMENT_TARGET = 17.5;
				LOCALIZATION_PREFERS_STRING_CATALOGS = YES;
				MTL_ENABLE_DEBUG_INFO = NO;
				MTL_FAST_MATH = YES;
				SDKROOT = iphoneos;
				SWIFT_COMPILATION_MODE = wholemodule;
				VALIDATE_PRODUCT = YES;
			};
			name = Release;
		};
		BB23F1BF2CECAC650024CDEF /* Debug */ = {
			isa = XCBuildConfiguration;
			buildSettings = {
				ASSETCATALOG_COMPILER_APPICON_NAME = AppIcon;
				ASSETCATALOG_COMPILER_GLOBAL_ACCENT_COLOR_NAME = AccentColor;
				CODE_SIGN_STYLE = Automatic;
				CURRENT_PROJECT_VERSION = 1;
				DEVELOPMENT_ASSET_PATHS = "\"Cats/Preview Content\"";
				DEVELOPMENT_TEAM = 9U7FMUNNDS;
				ENABLE_PREVIEWS = YES;
				GENERATE_INFOPLIST_FILE = YES;
				INFOPLIST_KEY_UIApplicationSceneManifest_Generation = YES;
				INFOPLIST_KEY_UIApplicationSupportsIndirectInputEvents = YES;
				INFOPLIST_KEY_UILaunchScreen_Generation = YES;
				INFOPLIST_KEY_UISupportedInterfaceOrientations_iPad = "UIInterfaceOrientationPortrait UIInterfaceOrientationPortraitUpsideDown UIInterfaceOrientationLandscapeLeft UIInterfaceOrientationLandscapeRight";
				INFOPLIST_KEY_UISupportedInterfaceOrientations_iPhone = "UIInterfaceOrientationPortrait UIInterfaceOrientationLandscapeLeft UIInterfaceOrientationLandscapeRight";
				LD_RUNPATH_SEARCH_PATHS = (
					"$(inherited)",
					"@executable_path/Frameworks",
				);
				MARKETING_VERSION = 1.0;
				PRODUCT_BUNDLE_IDENTIFIER = it.fp.Cats;
				PRODUCT_NAME = "$(TARGET_NAME)";
				SWIFT_EMIT_LOC_STRINGS = YES;
				SWIFT_VERSION = 5.0;
				TARGETED_DEVICE_FAMILY = "1,2";
			};
			name = Debug;
		};
		BB23F1C02CECAC650024CDEF /* Release */ = {
			isa = XCBuildConfiguration;
			buildSettings = {
				ASSETCATALOG_COMPILER_APPICON_NAME = AppIcon;
				ASSETCATALOG_COMPILER_GLOBAL_ACCENT_COLOR_NAME = AccentColor;
				CODE_SIGN_STYLE = Automatic;
				CURRENT_PROJECT_VERSION = 1;
				DEVELOPMENT_ASSET_PATHS = "\"Cats/Preview Content\"";
				DEVELOPMENT_TEAM = 9U7FMUNNDS;
				ENABLE_PREVIEWS = YES;
				GENERATE_INFOPLIST_FILE = YES;
				INFOPLIST_KEY_UIApplicationSceneManifest_Generation = YES;
				INFOPLIST_KEY_UIApplicationSupportsIndirectInputEvents = YES;
				INFOPLIST_KEY_UILaunchScreen_Generation = YES;
				INFOPLIST_KEY_UISupportedInterfaceOrientations_iPad = "UIInterfaceOrientationPortrait UIInterfaceOrientationPortraitUpsideDown UIInterfaceOrientationLandscapeLeft UIInterfaceOrientationLandscapeRight";
				INFOPLIST_KEY_UISupportedInterfaceOrientations_iPhone = "UIInterfaceOrientationPortrait UIInterfaceOrientationLandscapeLeft UIInterfaceOrientationLandscapeRight";
				LD_RUNPATH_SEARCH_PATHS = (
					"$(inherited)",
					"@executable_path/Frameworks",
				);
				MARKETING_VERSION = 1.0;
				PRODUCT_BUNDLE_IDENTIFIER = it.fp.Cats;
				PRODUCT_NAME = "$(TARGET_NAME)";
				SWIFT_EMIT_LOC_STRINGS = YES;
				SWIFT_VERSION = 5.0;
				TARGETED_DEVICE_FAMILY = "1,2";
			};
			name = Release;
		};
		BB23F1C22CECAC650024CDEF /* Debug */ = {
			isa = XCBuildConfiguration;
			buildSettings = {
				ALWAYS_EMBED_SWIFT_STANDARD_LIBRARIES = YES;
				BUNDLE_LOADER = "$(TEST_HOST)";
				CODE_SIGN_STYLE = Automatic;
				CURRENT_PROJECT_VERSION = 1;
				DEVELOPMENT_TEAM = 9U7FMUNNDS;
				GENERATE_INFOPLIST_FILE = YES;
				IPHONEOS_DEPLOYMENT_TARGET = 17.5;
				MARKETING_VERSION = 1.0;
				PRODUCT_BUNDLE_IDENTIFIER = it.fp.CatsTests;
				PRODUCT_NAME = "$(TARGET_NAME)";
				SWIFT_EMIT_LOC_STRINGS = NO;
				SWIFT_VERSION = 5.0;
				TARGETED_DEVICE_FAMILY = "1,2";
				TEST_HOST = "$(BUILT_PRODUCTS_DIR)/Cats.app/$(BUNDLE_EXECUTABLE_FOLDER_PATH)/Cats";
			};
			name = Debug;
		};
		BB23F1C32CECAC650024CDEF /* Release */ = {
			isa = XCBuildConfiguration;
			buildSettings = {
				ALWAYS_EMBED_SWIFT_STANDARD_LIBRARIES = YES;
				BUNDLE_LOADER = "$(TEST_HOST)";
				CODE_SIGN_STYLE = Automatic;
				CURRENT_PROJECT_VERSION = 1;
				DEVELOPMENT_TEAM = 9U7FMUNNDS;
				GENERATE_INFOPLIST_FILE = YES;
				IPHONEOS_DEPLOYMENT_TARGET = 17.5;
				MARKETING_VERSION = 1.0;
				PRODUCT_BUNDLE_IDENTIFIER = it.fp.CatsTests;
				PRODUCT_NAME = "$(TARGET_NAME)";
				SWIFT_EMIT_LOC_STRINGS = NO;
				SWIFT_VERSION = 5.0;
				TARGETED_DEVICE_FAMILY = "1,2";
				TEST_HOST = "$(BUILT_PRODUCTS_DIR)/Cats.app/$(BUNDLE_EXECUTABLE_FOLDER_PATH)/Cats";
			};
			name = Release;
		};
		BB23F1C52CECAC650024CDEF /* Debug */ = {
			isa = XCBuildConfiguration;
			buildSettings = {
				ALWAYS_EMBED_SWIFT_STANDARD_LIBRARIES = YES;
				CODE_SIGN_STYLE = Automatic;
				CURRENT_PROJECT_VERSION = 1;
				DEVELOPMENT_TEAM = 9U7FMUNNDS;
				GENERATE_INFOPLIST_FILE = YES;
				MARKETING_VERSION = 1.0;
				PRODUCT_BUNDLE_IDENTIFIER = it.fp.CatsUITests;
				PRODUCT_NAME = "$(TARGET_NAME)";
				SWIFT_EMIT_LOC_STRINGS = NO;
				SWIFT_VERSION = 5.0;
				TARGETED_DEVICE_FAMILY = "1,2";
				TEST_TARGET_NAME = Cats;
			};
			name = Debug;
		};
		BB23F1C62CECAC650024CDEF /* Release */ = {
			isa = XCBuildConfiguration;
			buildSettings = {
				ALWAYS_EMBED_SWIFT_STANDARD_LIBRARIES = YES;
				CODE_SIGN_STYLE = Automatic;
				CURRENT_PROJECT_VERSION = 1;
				DEVELOPMENT_TEAM = 9U7FMUNNDS;
				GENERATE_INFOPLIST_FILE = YES;
				MARKETING_VERSION = 1.0;
				PRODUCT_BUNDLE_IDENTIFIER = it.fp.CatsUITests;
				PRODUCT_NAME = "$(TARGET_NAME)";
				SWIFT_EMIT_LOC_STRINGS = NO;
				SWIFT_VERSION = 5.0;
				TARGETED_DEVICE_FAMILY = "1,2";
				TEST_TARGET_NAME = Cats;
			};
			name = Release;
		};
/* End XCBuildConfiguration section */

/* Begin XCConfigurationList section */
		BB23F1902CECAC630024CDEF /* Build configuration list for PBXProject "Cats" */ = {
			isa = XCConfigurationList;
			buildConfigurations = (
				BB23F1BC2CECAC650024CDEF /* Debug */,
				BB23F1BD2CECAC650024CDEF /* Release */,
			);
			defaultConfigurationIsVisible = 0;
			defaultConfigurationName = Release;
		};
		BB23F1BE2CECAC650024CDEF /* Build configuration list for PBXNativeTarget "Cats" */ = {
			isa = XCConfigurationList;
			buildConfigurations = (
				BB23F1BF2CECAC650024CDEF /* Debug */,
				BB23F1C02CECAC650024CDEF /* Release */,
			);
			defaultConfigurationIsVisible = 0;
			defaultConfigurationName = Release;
		};
		BB23F1C12CECAC650024CDEF /* Build configuration list for PBXNativeTarget "CatsTests" */ = {
			isa = XCConfigurationList;
			buildConfigurations = (
				BB23F1C22CECAC650024CDEF /* Debug */,
				BB23F1C32CECAC650024CDEF /* Release */,
			);
			defaultConfigurationIsVisible = 0;
			defaultConfigurationName = Release;
		};
		BB23F1C42CECAC650024CDEF /* Build configuration list for PBXNativeTarget "CatsUITests" */ = {
			isa = XCConfigurationList;
			buildConfigurations = (
				BB23F1C52CECAC650024CDEF /* Debug */,
				BB23F1C62CECAC650024CDEF /* Release */,
			);
			defaultConfigurationIsVisible = 0;
			defaultConfigurationName = Release;
		};
/* End XCConfigurationList section */

/* Begin XCVersionGroup section */
		BB23F1A32CECAC650024CDEF /* Cats.xcdatamodeld */ = {
			isa = XCVersionGroup;
			children = (
				BB23F1A42CECAC650024CDEF /* Cats.xcdatamodel */,
			);
			currentVersion = BB23F1A42CECAC650024CDEF /* Cats.xcdatamodel */;
			path = Cats.xcdatamodeld;
			sourceTree = "<group>";
			versionGroupType = wrapper.xcdatamodel;
		};
/* End XCVersionGroup section */
	};
	rootObject = BB23F18D2CECAC630024CDEF /* Project object */;
}
